{
  "requires": true,
  "lockfileVersion": 1,
  "dependencies": {
    "cordova-plugin-firebase-messaging": {
      "version": "1.3.1",
      "resolved": "https://registry.npmjs.org/cordova-plugin-firebase-messaging/-/cordova-plugin-firebase-messaging-1.3.1.tgz",
      "integrity": "sha512-aHTWio/cWrWjHSDb+os5OdVQeyTo2VtlH/IDF7sWnXCO30SnzzmS9LTxE0BX0X7dFyaXdKvykZGGRU43yPGPYg=="
    },
    "cordova-plugin-spinner": {
      "version": "1.1.0",
      "resolved": "https://registry.npmjs.org/cordova-plugin-spinner/-/cordova-plugin-spinner-1.1.0.tgz",
      "integrity": "sha1-uy/XiwIO/BgyKlEJsfOMcfKLMlQ="
    },
    "cordova-support-google-services": {
      "version": "1.3.1",
      "resolved": "https://registry.npmjs.org/cordova-support-google-services/-/cordova-support-google-services-1.3.1.tgz",
      "integrity": "sha512-YbFWYBSkbErZh/moothPZG/p1p79ytXTc0iR4YHypBXg9TSDp7M7wm5eKk0f6wV4Ugv6a7UgBvAEtq2nllI8UA=="
    }
  }
}
